# This file is autogenerated, do not edit; changes may be undone by the next 'dep ensure'.


[[projects]]
  branch = "master"
  digest = "1:d0c95a34e79df79eb96ca870d6b6fc43361d34c9c05495f93a5ad0077f7bbb24"
  name = "github.com/mitchellh/go-ps"
  packages = ["."]
  pruneopts = "UT"
  revision = "4fdf99ab29366514c69ccccddab5dc58b8d84062"

[[projects]]
  digest = "1:f7f8482703f75a31596396949c6a73ca3f920326d045238d0268f37fad60f737"
  name = "github.com/struCoder/pidusage"
  packages = ["."]
  pruneopts = "UT"
  revision = "5e29cda97c066390d35b2eb889048fbc25381b2f"
  version = "v0.1.2"

[solve-meta]
  analyzer-name = "dep"
  analyzer-version = 1
  input-imports = [
    "github.com/mitchellh/go-ps",
    "github.com/struCoder/pidusage",
  ]
  solver-name = "gps-cdcl"
  solver-version = 1
